
Microsoft Visual Studio Solution File, Format Version 12.00
# Visual Studio Version 16
VisualStudioVersion = 16.0.28803.202
MinimumVisualStudioVersion = 10.0.40219.1
Project("{FAE04EC0-301F-11D3-BF4B-00C04F79EFBC}") = "Matrix", "Matrix\Matrix.csproj", "{921A44E7-5499-40F2-83D7-39AA07ED5C4B}"
EndProject
Global
	GlobalSection(SolutionConfigurationPlatforms) = preSolution
		Debug|Any CPU = Debug|Any CPU
		Release|Any CPU = Release|Any CPU
	EndGlobalSection
	GlobalSection(ProjectConfigurationPlatforms) = postSolution
		{921A44E7-5499-40F2-83D7-39AA07ED5C4B}.Debug|Any CPU.ActiveCfg = Debug|Any CPU
		{921A44E7-5499-40F2-83D7-39AA07ED5C4B}.Debug|Any CPU.Build.0 = Debug|Any CPU
		{921A44E7-5499-40F2-83D7-39AA07ED5C4B}.Release|Any CPU.ActiveCfg = Release|Any CPU
		{921A44E7-5499-40F2-83D7-39AA07ED5C4B}.Release|Any CPU.Build.0 = Release|Any CPU
	EndGlobalSection
	GlobalSection(SolutionProperties) = preSolution
		HideSolutionNode = FALSE
	EndGlobalSection
	GlobalSection(ExtensibilityGlobals) = postSolution
		SolutionGuid = {F52722E8-A426-4BDD-A7A3-9E5C8D107650}
	EndGlobalSection
EndGlobal
